// !$*UTF8*$!
{
	archiveVersion = 1;
	classes = {
	};
	objectVersion = 50;
	objects = {

/* Begin PBXBuildFile section */
		F16FD732243366EA00644C76 /* AppDelegate.swift in Sources */ = {isa = PBXBuildFile; fileRef = F16FD731243366EA00644C76 /* AppDelegate.swift */; };
		F16FD734243366EA00644C76 /* SceneDelegate.swift in Sources */ = {isa = PBXBuildFile; fileRef = F16FD733243366EA00644C76 /* SceneDelegate.swift */; };
		F16FD736243366EA00644C76 /* ContentView.swift in Sources */ = {isa = PBXBuildFile; fileRef = F16FD735243366EA00644C76 /* ContentView.swift */; };
		F16FD738243366ED00644C76 /* Assets.xcassets in Resources */ = {isa = PBXBuildFile; fileRef = F16FD737243366ED00644C76 /* Assets.xcassets */; };
		F16FD73B243366ED00644C76 /* Preview Assets.xcassets in Resources */ = {isa = PBXBuildFile; fileRef = F16FD73A243366ED00644C76 /* Preview Assets.xcassets */; };
		F16FD73E243366ED00644C76 /* LaunchScreen.storyboard in Resources */ = {isa = PBXBuildFile; fileRef = F16FD73C243366ED00644C76 /* LaunchScreen.storyboard */; };
		F1D910122434824E000BED86 /* SimulatedTableView.swift in Sources */ = {isa = PBXBuildFile; fileRef = F1D910112434824E000BED86 /* SimulatedTableView.swift */; };
		F1D9101424348D9D000BED86 /* SimulatedTableViewVM.swift in Sources */ = {isa = PBXBuildFile; fileRef = F1D9101324348D9D000BED86 /* SimulatedTableViewVM.swift */; };
/* End PBXBuildFile section */

/* Begin PBXFileReference section */
		F16FD72E243366EA00644C76 /* testapp.app */ = {isa = PBXFileReference; explicitFileType = wrapper.application; includeInIndex = 0; path = testapp.app; sourceTree = BUILT_PRODUCTS_DIR; };
		F16FD731243366EA00644C76 /* AppDelegate.swift */ = {isa = PBXFileReference; lastKnownFileType = sourcecode.swift; path = AppDelegate.swift; sourceTree = "<group>"; };
		F16FD733243366EA00644C76 /* SceneDelegate.swift */ = {isa = PBXFileReference; lastKnownFileType = sourcecode.swift; path = SceneDelegate.swift; sourceTree = "<group>"; };
		F16FD735243366EA00644C76 /* ContentView.swift */ = {isa = PBXFileReference; lastKnownFileType = sourcecode.swift; path = ContentView.swift; sourceTree = "<group>"; };
		F16FD737243366ED00644C76 /* Assets.xcassets */ = {isa = PBXFileReference; lastKnownFileType = folder.assetcatalog; path = Assets.xcassets; sourceTree = "<group>"; };
		F16FD73A243366ED00644C76 /* Preview Assets.xcassets */ = {isa = PBXFileReference; lastKnownFileType = folder.assetcatalog; path = "Preview Assets.xcassets"; sourceTree = "<group>"; };
		F16FD73D243366ED00644C76 /* Base */ = {isa = PBXFileReference; lastKnownFileType = file.storyboard; name = Base; path = Base.lproj/LaunchScreen.storyboard; sourceTree = "<group>"; };
		F16FD73F243366ED00644C76 /* Info.plist */ = {isa = PBXFileReference; lastKnownFileType = text.plist.xml; path = Info.plist; sourceTree = "<group>"; };
		F1D910112434824E000BED86 /* SimulatedTableView.swift */ = {isa = PBXFileReference; lastKnownFileType = sourcecode.swift; path = SimulatedTableView.swift; sourceTree = "<group>"; };
		F1D9101324348D9D000BED86 /* SimulatedTableViewVM.swift */ = {isa = PBXFileReference; lastKnownFileType = sourcecode.swift; path = SimulatedTableViewVM.swift; sourceTree = "<group>"; };
/* End PBXFileReference section */

/* Begin PBXFrameworksBuildPhase section */
		F16FD72B243366EA00644C76 /* Frameworks */ = {
			isa = PBXFrameworksBuildPhase;
			buildActionMask = 2147483647;
			files = (
			);
			runOnlyForDeploymentPostprocessing = 0;
		};
/* End PBXFrameworksBuildPhase section */

/* Begin PBXGroup section */
		F16FD725243366EA00644C76 = {
			isa = PBXGroup;
			children = (
				F16FD730243366EA00644C76 /* testapp */,
				F16FD72F243366EA00644C76 /* Products */,
			);
			sourceTree = "<group>";
		};
		F16FD72F243366EA00644C76 /* Products */ = {
			isa = PBXGroup;
			children = (
				F16FD72E243366EA00644C76 /* testapp.app */,
			);
			name = Products;
			sourceTree = "<group>";
		};
		F16FD730243366EA00644C76 /* testapp */ = {
			isa = PBXGroup;
			children = (
				F16FD731243366EA00644C76 /* AppDelegate.swift */,
				F16FD733243366EA00644C76 /* SceneDelegate.swift */,
				F16FD735243366EA00644C76 /* ContentView.swift */,
				F16FD737243366ED00644C76 /* Assets.xcassets */,
				F16FD73C243366ED00644C76 /* LaunchScreen.storyboard */,
				F16FD73F243366ED00644C76 /* Info.plist */,
				F16FD739243366ED00644C76 /* Preview Content */,
				F1D910112434824E000BED86 /* SimulatedTableView.swift */,
				F1D9101324348D9D000BED86 /* SimulatedTableViewVM.swift */,
			);
			path = testapp;
			sourceTree = "<group>";
		};
		F16FD739243366ED00644C76 /* Preview Content */ = {
			isa = PBXGroup;
			children = (
				F16FD73A243366ED00644C76 /* Preview Assets.xcassets */,
			);
			path = "Preview Content";
			sourceTree = "<group>";
		};
/* End PBXGroup section */

/* Begin PBXNativeTarget section */
		F16FD72D243366EA00644C76 /* testapp */ = {
			isa = PBXNativeTarget;
			buildConfigurationList = F16FD742243366ED00644C76 /* Build configuration list for PBXNativeTarget "testapp" */;
			buildPhases = (
				F16FD72A243366EA00644C76 /* Sources */,
				F16FD72B243366EA00644C76 /* Frameworks */,
				F16FD72C243366EA00644C76 /* Resources */,
			);
			buildRules = (
			);
			dependencies = (
			);
			name = testapp;
			productName = testapp;
			productReference = F16FD72E243366EA00644C76 /* testapp.app */;
			productType = "com.apple.product-type.application";
		};
/* End PBXNativeTarget section */

/* Begin PBXProject section */
		F16FD726243366EA00644C76 /* Project object */ = {
			isa = PBXProject;
			attributes = {
				LastSwiftUpdateCheck = 1140;
				LastUpgradeCheck = 1140;
				ORGANIZATIONNAME = "Andrei Vataselu";
				TargetAttributes = {
					F16FD72D243366EA00644C76 = {
						CreatedOnToolsVersion = 11.4;
					};
				};
			};
			buildConfigurationList = F16FD729243366EA00644C76 /* Build configuration list for PBXProject "testapp" */;
			compatibilityVersion = "Xcode 9.3";
			developmentRegion = en;
			hasScannedForEncodings = 0;
			knownRegions = (
				en,
				Base,
			);
			mainGroup = F16FD725243366EA00644C76;
			productRefGroup = F16FD72F243366EA00644C76 /* Products */;
			projectDirPath = "";
			projectRoot = "";
			targets = (
				F16FD72D243366EA00644C76 /* testapp */,
			);
		};
/* End PBXProject section */

/* Begin PBXResourcesBuildPhase section */
		F16FD72C243366EA00644C76 /* Resources */ = {
			isa = PBXResourcesBuildPhase;
			buildActionMask = 2147483647;
			files = (
				F16FD73E243366ED00644C76 /* LaunchScreen.storyboard in Resources */,
				F16FD73B243366ED00644C76 /* Preview Assets.xcassets in Resources */,
				F16FD738243366ED00644C76 /* Assets.xcassets in Resources */,
			);
			runOnlyForDeploymentPostprocessing = 0;
		};
/* End PBXResourcesBuildPhase section */

/* Begin PBXSourcesBuildPhase section */
		F16FD72A243366EA00644C76 /* Sources */ = {
			isa = PBXSourcesBuildPhase;
			buildActionMask = 2147483647;
			files = (
				F1D910122434824E000BED86 /* SimulatedTableView.swift in Sources */,
				F16FD732243366EA00644C76 /* AppDelegate.swift in Sources */,
				F1D9101424348D9D000BED86 /* SimulatedTableViewVM.swift in Sources */,
				F16FD734243366EA00644C76 /* SceneDelegate.swift in Sources */,
				F16FD736243366EA00644C76 /* ContentView.swift in Sources */,
			);
			runOnlyForDeploymentPostprocessing = 0;
		};
/* End PBXSourcesBuildPhase section */

/* Begin PBXVariantGroup section */
		F16FD73C243366ED00644C76 /* LaunchScreen.storyboard */ = {
			isa = PBXVariantGroup;
			children = (
				F16FD73D243366ED00644C76 /* Base */,
			);
			name = LaunchScreen.storyboard;
			sourceTree = "<group>";
		};
/* End PBXVariantGroup section */

/* Begin XCBuildConfiguration section */
		F16FD740243366ED00644C76 /* Debug */ = {
			isa = XCBuildConfiguration;
			buildSettings = {
				ALWAYS_SEARCH_USER_PATHS = NO;
				CLANG_ANALYZER_NONNULL = YES;
				CLANG_ANALYZER_NUMBER_OBJECT_CONVERSION = YES_AGGRESSIVE;
				CLANG_CXX_LANGUAGE_STANDARD = "gnu++14";
				CLANG_CXX_LIBRARY = "libc++";
				CLANG_ENABLE_MODULES = YES;
				CLANG_ENABLE_OBJC_ARC = YES;
				CLANG_ENABLE_OBJC_WEAK = YES;
				CLANG_WARN_BLOCK_CAPTURE_AUTORELEASING = YES;
				CLANG_WARN_BOOL_CONVERSION = YES;
				CLANG_WARN_COMMA = YES;
				CLANG_WARN_CONSTANT_CONVERSION = YES;
				CLANG_WARN_DEPRECATED_OBJC_IMPLEMENTATIONS = YES;
				CLANG_WARN_DIRECT_OBJC_ISA_USAGE = YES_ERROR;
				CLANG_WARN_DOCUMENTATION_COMMENTS = YES;
				CLANG_WARN_EMPTY_BODY = YES;
				CLANG_WARN_ENUM_CONVERSION = YES;
				CLANG_WARN_INFINITE_RECURSION = YES;
				CLANG_WARN_INT_CONVERSION = YES;
				CLANG_WARN_NON_LITERAL_NULL_CONVERSION = YES;
				CLANG_WARN_OBJC_IMPLICIT_RETAIN_SELF = YES;
				CLANG_WARN_OBJC_LITERAL_CONVERSION = YES;
				CLANG_WARN_OBJC_ROOT_CLASS = YES_ERROR;
				CLANG_WARN_RANGE_LOOP_ANALYSIS = YES;
				CLANG_WARN_STRICT_PROTOTYPES = YES;
				CLANG_WARN_SUSPICIOUS_MOVE = YES;
				CLANG_WARN_UNGUARDED_AVAILABILITY = YES_AGGRESSIVE;
				CLANG_WARN_UNREACHABLE_CODE = YES;
				CLANG_WARN__DUPLICATE_METHOD_MATCH = YES;
				COPY_PHASE_STRIP = NO;
				DEBUG_INFORMATION_FORMAT = dwarf;
				ENABLE_STRICT_OBJC_MSGSEND = YES;
				ENABLE_TESTABILITY = YES;
				GCC_C_LANGUAGE_STANDARD = gnu11;
				GCC_DYNAMIC_NO_PIC = NO;
				GCC_NO_COMMON_BLOCKS = YES;
				GCC_OPTIMIZATION_LEVEL = 0;
				GCC_PREPROCESSOR_DEFINITIONS = (
					"DEBUG=1",
					"$(inherited)",
				);
				GCC_WARN_64_TO_32_BIT_CONVERSION = YES;
				GCC_WARN_ABOUT_RETURN_TYPE = YES_ERROR;
				GCC_WARN_UNDECLARED_SELECTOR = YES;
				GCC_WARN_UNINITIALIZED_AUTOS = YES_AGGRESSIVE;
				GCC_WARN_UNUSED_FUNCTION = YES;
				GCC_WARN_UNUSED_VARIABLE = YES;
				IPHONEOS_DEPLOYMENT_TARGET = 13.4;
				MTL_ENABLE_DEBUG_INFO = INCLUDE_SOURCE;
				MTL_FAST_MATH = YES;
				ONLY_ACTIVE_ARCH = YES;
				SDKROOT = iphoneos;
				SWIFT_ACTIVE_COMPILATION_CONDITIONS = DEBUG;
				SWIFT_OPTIMIZATION_LEVEL = "-Onone";
			};
			name = Debug;
		};
		F16FD741243366ED00644C76 /* Release */ = {
			isa = XCBuildConfiguration;
			buildSettings = {
				ALWAYS_SEARCH_USER_PATHS = NO;
				CLANG_ANALYZER_NONNULL = YES;
				CLANG_ANALYZER_NUMBER_OBJECT_CONVERSION = YES_AGGRESSIVE;
				CLANG_CXX_LANGUAGE_STANDARD = "gnu++14";
				CLANG_CXX_LIBRARY = "libc++";
				CLANG_ENABLE_MODULES = YES;
				CLANG_ENABLE_OBJC_ARC = YES;
				CLANG_ENABLE_OBJC_WEAK = YES;
				CLANG_WARN_BLOCK_CAPTURE_AUTORELEASING = YES;
				CLANG_WARN_BOOL_CONVERSION = YES;
				CLANG_WARN_COMMA = YES;
				CLANG_WARN_CONSTANT_CONVERSION = YES;
				CLANG_WARN_DEPRECATED_OBJC_IMPLEMENTATIONS = YES;
				CLANG_WARN_DIRECT_OBJC_ISA_USAGE = YES_ERROR;
				CLANG_WARN_DOCUMENTATION_COMMENTS = YES;
				CLANG_WARN_EMPTY_BODY = YES;
				CLANG_WARN_ENUM_CONVERSION = YES;
				CLANG_WARN_INFINITE_RECURSION = YES;
				CLANG_WARN_INT_CONVERSION = YES;
				CLANG_WARN_NON_LITERAL_NULL_CONVERSION = YES;
				CLANG_WARN_OBJC_IMPLICIT_RETAIN_SELF = YES;
				CLANG_WARN_OBJC_LITERAL_CONVERSION = YES;
				CLANG_WARN_OBJC_ROOT_CLASS = YES_ERROR;
				CLANG_WARN_RANGE_LOOP_ANALYSIS = YES;
				CLANG_WARN_STRICT_PROTOTYPES = YES;
				CLANG_WARN_SUSPICIOUS_MOVE = YES;
				CLANG_WARN_UNGUARDED_AVAILABILITY = YES_AGGRESSIVE;
				CLANG_WARN_UNREACHABLE_CODE = YES;
				CLANG_WARN__DUPLICATE_METHOD_MATCH = YES;
				COPY_PHASE_STRIP = NO;
				DEBUG_INFORMATION_FORMAT = "dwarf-with-dsym";
				ENABLE_NS_ASSERTIONS = NO;
				ENABLE_STRICT_OBJC_MSGSEND = YES;
				GCC_C_LANGUAGE_STANDARD = gnu11;
				GCC_NO_COMMON_BLOCKS = YES;
				GCC_WARN_64_TO_32_BIT_CONVERSION = YES;
				GCC_WARN_ABOUT_RETURN_TYPE = YES_ERROR;
				GCC_WARN_UNDECLARED_SELECTOR = YES;
				GCC_WARN_UNINITIALIZED_AUTOS = YES_AGGRESSIVE;
				GCC_WARN_UNUSED_FUNCTION = YES;
				GCC_WARN_UNUSED_VARIABLE = YES;
				IPHONEOS_DEPLOYMENT_TARGET = 13.4;
				MTL_ENABLE_DEBUG_INFO = NO;
				MTL_FAST_MATH = YES;
				SDKROOT = iphoneos;
				SWIFT_COMPILATION_MODE = wholemodule;
				SWIFT_OPTIMIZATION_LEVEL = "-O";
				VALIDATE_PRODUCT = YES;
			};
			name = Release;
		};
		F16FD743243366ED00644C76 /* Debug */ = {
			isa = XCBuildConfiguration;
			buildSettings = {
				ASSETCATALOG_COMPILER_APPICON_NAME = AppIcon;
				CODE_SIGN_STYLE = Automatic;
				DEVELOPMENT_ASSET_PATHS = "\"testapp/Preview Content\"";
				DEVELOPMENT_TEAM = KVZCD8H3X4;
				ENABLE_PREVIEWS = YES;
				INFOPLIST_FILE = testapp/Info.plist;
				LD_RUNPATH_SEARCH_PATHS = (
					"$(inherited)",
					"@executable_path/Frameworks",
				);
				PRODUCT_BUNDLE_IDENTIFIER = com.andreivataselu.testapp;
				PRODUCT_NAME = "$(TARGET_NAME)";
				SWIFT_VERSION = 5.0;
				TARGETED_DEVICE_FAMILY = "1,2";
			};
			name = Debug;
		};
		F16FD744243366ED00644C76 /* Release */ = {
			isa = XCBuildConfiguration;
			buildSettings = {
				ASSETCATALOG_COMPILER_APPICON_NAME = AppIcon;
				CODE_SIGN_STYLE = Automatic;
				DEVELOPMENT_ASSET_PATHS = "\"testapp/Preview Content\"";
				DEVELOPMENT_TEAM = KVZCD8H3X4;
				ENABLE_PREVIEWS = YES;
				INFOPLIST_FILE = testapp/Info.plist;
				LD_RUNPATH_SEARCH_PATHS = (
					"$(inherited)",
					"@executable_path/Frameworks",
				);
				PRODUCT_BUNDLE_IDENTIFIER = com.andreivataselu.testapp;
				PRODUCT_NAME = "$(TARGET_NAME)";
				SWIFT_VERSION = 5.0;
				TARGETED_DEVICE_FAMILY = "1,2";
			};
			name = Release;
		};
/* End XCBuildConfiguration section */

/* Begin XCConfigurationList section */
		F16FD729243366EA00644C76 /* Build configuration list for PBXProject "testapp" */ = {
			isa = XCConfigurationList;
			buildConfigurations = (
				F16FD740243366ED00644C76 /* Debug */,
				F16FD741243366ED00644C76 /* Release */,
			);
			defaultConfigurationIsVisible = 0;
			defaultConfigurationName = Release;
		};
		F16FD742243366ED00644C76 /* Build configuration list for PBXNativeTarget "testapp" */ = {
			isa = XCConfigurationList;
			buildConfigurations = (
				F16FD743243366ED00644C76 /* Debug */,
				F16FD744243366ED00644C76 /* Release */,
			);
			defaultConfigurationIsVisible = 0;
			defaultConfigurationName = Release;
		};
/* End XCConfigurationList section */
	};
	rootObject = F16FD726243366EA00644C76 /* Project object */;
}
